{
  "version": 4,
  "terraform_version": "1.5.3",
  "serial": 5,
  "lineage": "e98f5877-f497-16fb-e9a8-f4b3006132b8",
  "outputs": {},
  "resources": [
    {
      "module": "module.dashboard_module",
      "mode": "managed",
      "type": "newrelic_one_dashboard",
      "name": "dynamicDashboard",
      "provider": "provider[\"registry.terraform.io/newrelic/newrelic\"]",
      "instances": [
        {
          "index_key": "0",
          "schema_version": 0,
          "attributes": {
            "account_id": 4438264,
            "description": null,
            "guid": "NDQzODI2NHxWSVp8REFTSEJPQVJEfGRhOjY1Mzg2MjU",
            "id": "NDQzODI2NHxWSVp8REFTSEJPQVJEfGRhOjY1Mzg2MjU",
            "name": "Dynamic-Dashboard-for-Monitoring",
            "page": [
              {
                "description": "",
                "guid": "NDQzODI2NHxWSVp8REFTSEJPQVJEfDE5MzUxNTI2",
                "name": "frontend",
                "widget_area": [],
                "widget_bar": [],
                "widget_billboard": [],
                "widget_bullet": [],
                "widget_funnel": [],
                "widget_heatmap": [],
                "widget_histogram": [],
                "widget_json": [],
                "widget_line": [
                  {
                    "colors": [],
                    "column": 1,
                    "facet_show_other_series": false,
                    "height": 3,
                    "id": "270401909",
                    "ignore_time_range": false,
                    "is_label_visible": false,
                    "legend_enabled": true,
                    "nrql_query": [
                      {
                        "account_id": 4438264,
                        "query": "SELECT average(largestContentfulPaint) FROM PageViewTiming FACET appName TIMESERIES since 1 month ago"
                      }
                    ],
                    "null_values": [],
                    "row": 2,
                    "threshold": [],
                    "title": "Largest Contentful Paint",
                    "units": [],
                    "width": 6,
                    "y_axis_left_max": 0,
                    "y_axis_left_min": 0,
                    "y_axis_left_zero": false,
                    "y_axis_right": []
                  },
                  {
                    "colors": [],
                    "column": 7,
                    "facet_show_other_series": false,
                    "height": 3,
                    "id": "270401910",
                    "ignore_time_range": false,
                    "is_label_visible": false,
                    "legend_enabled": true,
                    "nrql_query": [
                      {
                        "account_id": 4438264,
                        "query": "SELECT percentile(pageHide, 75), percentile(windowUnload, 75) FROM PageViewTiming FACET appName since 1 month ago TIMESERIES "
                      }
                    ],
                    "null_values": [],
                    "row": 2,
                    "threshold": [],
                    "title": "User Time on this website",
                    "units": [],
                    "width": 6,
                    "y_axis_left_max": 0,
                    "y_axis_left_min": 0,
                    "y_axis_left_zero": false,
                    "y_axis_right": []
                  }
                ],
                "widget_log_table": [],
                "widget_markdown": [],
                "widget_pie": [
                  {
                    "colors": [],
                    "column": 1,
                    "facet_show_other_series": false,
                    "filter_current_dashboard": false,
                    "height": 3,
                    "id": "270401911",
                    "ignore_time_range": false,
                    "legend_enabled": true,
                    "linked_entity_guids": [],
                    "nrql_query": [
                      {
                        "account_id": 4438264,
                        "query": "SELECT average(queueDuration) AS 'Request queueing', average(webAppDuration) AS 'Web application', average(networkDuration) AS 'Network duration', average(domProcessingDuration) AS 'DOM processing', average(pageRenderingDuration) AS 'Page rendering' FROM PageView FACET appName since 1 month ago"
                      }
                    ],
                    "null_values": [],
                    "row": 3,
                    "title": "Page View Load Time",
                    "units": [],
                    "width": 6,
                    "y_axis_left_max": 0,
                    "y_axis_left_min": 0
                  }
                ],
                "widget_stacked_bar": [],
                "widget_table": [
                  {
                    "colors": [],
                    "column": 1,
                    "facet_show_other_series": false,
                    "filter_current_dashboard": false,
                    "height": 3,
                    "id": "270401912",
                    "ignore_time_range": false,
                    "legend_enabled": true,
                    "linked_entity_guids": [],
                    "nrql_query": [
                      {
                        "account_id": 4438264,
                        "query": "SELECT average(duration) FROM BrowserInteraction FACET appName since 1 month ago"
                      }
                    ],
                    "null_values": [],
                    "row": 1,
                    "threshold": [],
                    "title": "Average duration, by application",
                    "units": [],
                    "width": 6,
                    "y_axis_left_max": 0,
                    "y_axis_left_min": 0
                  }
                ]
              },
              {
                "description": "",
                "guid": "NDQzODI2NHxWSVp8REFTSEJPQVJEfDE5MzUxNTI3",
                "name": "Backend",
                "widget_area": [],
                "widget_bar": [
                  {
                    "colors": [],
                    "column": 7,
                    "facet_show_other_series": false,
                    "filter_current_dashboard": false,
                    "height": 3,
                    "id": "270401913",
                    "ignore_time_range": false,
                    "legend_enabled": true,
                    "linked_entity_guids": [],
                    "nrql_query": [
                      {
                        "account_id": 4438264,
                        "query": "SELECT average(cpuPercent) FROM SystemSample SINCE 1 month ago TIMESERIES"
                      }
                    ],
                    "null_values": [],
                    "row": 1,
                    "title": "CPU Utilisation",
                    "units": [],
                    "width": 6,
                    "y_axis_left_max": 0,
                    "y_axis_left_min": 0
                  }
                ],
                "widget_billboard": [],
                "widget_bullet": [],
                "widget_funnel": [],
                "widget_heatmap": [],
                "widget_histogram": [],
                "widget_json": [],
                "widget_line": [
                  {
                    "colors": [],
                    "column": 1,
                    "facet_show_other_series": false,
                    "height": 3,
                    "id": "270401914",
                    "ignore_time_range": false,
                    "is_label_visible": false,
                    "legend_enabled": true,
                    "nrql_query": [
                      {
                        "account_id": 4438264,
                        "query": "SELECT count(*) FROM Transaction facet appName SINCE 1 month ago TIMESERIES"
                      }
                    ],
                    "null_values": [],
                    "row": 2,
                    "threshold": [],
                    "title": "Number of Transactions",
                    "units": [],
                    "width": 6,
                    "y_axis_left_max": 0,
                    "y_axis_left_min": 0,
                    "y_axis_left_zero": false,
                    "y_axis_right": []
                  }
                ],
                "widget_log_table": [],
                "widget_markdown": [],
                "widget_pie": [
                  {
                    "colors": [],
                    "column": 7,
                    "facet_show_other_series": false,
                    "filter_current_dashboard": false,
                    "height": 3,
                    "id": "270401915",
                    "ignore_time_range": false,
                    "legend_enabled": true,
                    "linked_entity_guids": [],
                    "nrql_query": [
                      {
                        "account_id": 4438264,
                        "query": "SELECT average(duration) from Transaction facet appName since 1 month ago TIMESERIES"
                      }
                    ],
                    "null_values": [],
                    "row": 2,
                    "title": "APM Response Time",
                    "units": [],
                    "width": 6,
                    "y_axis_left_max": 0,
                    "y_axis_left_min": 0
                  }
                ],
                "widget_stacked_bar": [],
                "widget_table": [
                  {
                    "colors": [],
                    "column": 1,
                    "facet_show_other_series": false,
                    "filter_current_dashboard": false,
                    "height": 3,
                    "id": "270401916",
                    "ignore_time_range": false,
                    "legend_enabled": true,
                    "linked_entity_guids": [],
                    "nrql_query": [
                      {
                        "account_id": 4438264,
                        "query": "SELECT average(duration) FROM Transaction WHERE appName = 'Backend-App' SINCE 1 month ago"
                      }
                    ],
                    "null_values": [],
                    "row": 1,
                    "threshold": [],
                    "title": "Average Duration of APM Transactions",
                    "units": [],
                    "width": 6,
                    "y_axis_left_max": 0,
                    "y_axis_left_min": 0
                  }
                ]
              }
            ],
            "permalink": "https://one.newrelic.com/redirect/entity/NDQzODI2NHxWSVp8REFTSEJPQVJEfGRhOjY1Mzg2MjU",
            "permissions": "public_read_only",
            "variable": []
          },
          "sensitive_attributes": [],
          "private": "bnVsbA=="
        }
      ]
    }
  ],
  "check_results": null
}
